
Microsoft Visual Studio Solution File, Format Version 12.00
# Visual Studio Version 16
VisualStudioVersion = 16.0.30717.126
MinimumVisualStudioVersion = 10.0.40219.1
Project("{FAE04EC0-301F-11D3-BF4B-00C04F79EFBC}") = "CertingTask", "CertingTask\CertingTask.csproj", "{94C7B494-BC59-41F1-80AD-313FBD5E6CF6}"
EndProject
Global
	GlobalSection(SolutionConfigurationPlatforms) = preSolution
		Debug|Any CPU = Debug|Any CPU
		Release|Any CPU = Release|Any CPU
	EndGlobalSection
	GlobalSection(ProjectConfigurationPlatforms) = postSolution
		{94C7B494-BC59-41F1-80AD-313FBD5E6CF6}.Debug|Any CPU.ActiveCfg = Debug|Any CPU
		{94C7B494-BC59-41F1-80AD-313FBD5E6CF6}.Debug|Any CPU.Build.0 = Debug|Any CPU
		{94C7B494-BC59-41F1-80AD-313FBD5E6CF6}.Release|Any CPU.ActiveCfg = Release|Any CPU
		{94C7B494-BC59-41F1-80AD-313FBD5E6CF6}.Release|Any CPU.Build.0 = Release|Any CPU
	EndGlobalSection
	GlobalSection(SolutionProperties) = preSolution
		HideSolutionNode = FALSE
	EndGlobalSection
	GlobalSection(ExtensibilityGlobals) = postSolution
		SolutionGuid = {11B86D48-9053-45E7-AE10-2942FD9DD887}
	EndGlobalSection
EndGlobal
